
Microsoft Visual Studio Solution File, Format Version 12.00
# Visual Studio Version 17
VisualStudioVersion = 17.2.32526.322
MinimumVisualStudioVersion = 10.0.40219.1
Project("{FAE04EC0-301F-11D3-BF4B-00C04F79EFBC}") = "MagazaSistemi", "MagazaSistemi\MagazaSistemi.csproj", "{68C101A0-B248-4CEB-8D53-844101D4BA99}"
EndProject
Project("{FAE04EC0-301F-11D3-BF4B-00C04F79EFBC}") = "Core", "Core\Core.csproj", "{D5BE0786-ABBF-4402-AC1E-DAEB59C7C83D}"
EndProject
Project("{FAE04EC0-301F-11D3-BF4B-00C04F79EFBC}") = "Dal", "Dal\Dal.csproj", "{BB1C9787-3F48-4541-9814-A452FD125A98}"
EndProject
Project("{FAE04EC0-301F-11D3-BF4B-00C04F79EFBC}") = "Entities", "Entities\Entities.csproj", "{983792CE-DF3B-497C-BAFF-2F4402C95724}"
EndProject
Project("{FAE04EC0-301F-11D3-BF4B-00C04F79EFBC}") = "BL", "BL\BL.csproj", "{82E895BD-314A-4F4B-A087-9F0579477DEE}"
EndProject
Global
	GlobalSection(SolutionConfigurationPlatforms) = preSolution
		Debug|Any CPU = Debug|Any CPU
		Release|Any CPU = Release|Any CPU
	EndGlobalSection
	GlobalSection(ProjectConfigurationPlatforms) = postSolution
		{68C101A0-B248-4CEB-8D53-844101D4BA99}.Debug|Any CPU.ActiveCfg = Debug|Any CPU
		{68C101A0-B248-4CEB-8D53-844101D4BA99}.Debug|Any CPU.Build.0 = Debug|Any CPU
		{68C101A0-B248-4CEB-8D53-844101D4BA99}.Release|Any CPU.ActiveCfg = Release|Any CPU
		{68C101A0-B248-4CEB-8D53-844101D4BA99}.Release|Any CPU.Build.0 = Release|Any CPU
		{D5BE0786-ABBF-4402-AC1E-DAEB59C7C83D}.Debug|Any CPU.ActiveCfg = Debug|Any CPU
		{D5BE0786-ABBF-4402-AC1E-DAEB59C7C83D}.Debug|Any CPU.Build.0 = Debug|Any CPU
		{D5BE0786-ABBF-4402-AC1E-DAEB59C7C83D}.Release|Any CPU.ActiveCfg = Release|Any CPU
		{D5BE0786-ABBF-4402-AC1E-DAEB59C7C83D}.Release|Any CPU.Build.0 = Release|Any CPU
		{BB1C9787-3F48-4541-9814-A452FD125A98}.Debug|Any CPU.ActiveCfg = Debug|Any CPU
		{BB1C9787-3F48-4541-9814-A452FD125A98}.Debug|Any CPU.Build.0 = Debug|Any CPU
		{BB1C9787-3F48-4541-9814-A452FD125A98}.Release|Any CPU.ActiveCfg = Release|Any CPU
		{BB1C9787-3F48-4541-9814-A452FD125A98}.Release|Any CPU.Build.0 = Release|Any CPU
		{983792CE-DF3B-497C-BAFF-2F4402C95724}.Debug|Any CPU.ActiveCfg = Debug|Any CPU
		{983792CE-DF3B-497C-BAFF-2F4402C95724}.Debug|Any CPU.Build.0 = Debug|Any CPU
		{983792CE-DF3B-497C-BAFF-2F4402C95724}.Release|Any CPU.ActiveCfg = Release|Any CPU
		{983792CE-DF3B-497C-BAFF-2F4402C95724}.Release|Any CPU.Build.0 = Release|Any CPU
		{82E895BD-314A-4F4B-A087-9F0579477DEE}.Debug|Any CPU.ActiveCfg = Debug|Any CPU
		{82E895BD-314A-4F4B-A087-9F0579477DEE}.Debug|Any CPU.Build.0 = Debug|Any CPU
		{82E895BD-314A-4F4B-A087-9F0579477DEE}.Release|Any CPU.ActiveCfg = Release|Any CPU
		{82E895BD-314A-4F4B-A087-9F0579477DEE}.Release|Any CPU.Build.0 = Release|Any CPU
	EndGlobalSection
	GlobalSection(SolutionProperties) = preSolution
		HideSolutionNode = FALSE
	EndGlobalSection
	GlobalSection(ExtensibilityGlobals) = postSolution
		SolutionGuid = {89A3D44B-85A3-444E-B9E0-7DC4D1C077B8}
	EndGlobalSection
EndGlobal
